
Microsoft Visual Studio Solution File, Format Version 12.00
# Visual Studio Version 16
VisualStudioVersion = 16.0.29411.108
MinimumVisualStudioVersion = 10.0.40219.1
Project("{9A19103F-16F7-4668-BE54-9A1E7A4F7556}") = "demo-keyvault-idp", "demo-keyvault-idp\demo-keyvault-idp.csproj", "{800E821D-E73D-4EA1-896F-7768BB7F95EB}"
EndProject
Project("{2150E333-8FDC-42A3-9474-1A3956D46DE8}") = "Solution", "Solution", "{3D292E79-A95A-4285-929E-3C220037990E}"
	ProjectSection(SolutionItems) = preProject
		.env = .env
		.env.example = .env.example
		build.ps1 = build.ps1
		docker-compose.yml = docker-compose.yml
		Dockerfile = Dockerfile
		make-cert.ps1 = make-cert.ps1
		..\README.md = ..\README.md
	EndProjectSection
EndProject
Project("{9A19103F-16F7-4668-BE54-9A1E7A4F7556}") = "Serilog.Enrichers.Correlation", "Serilog.Enrichers.Correlation\Serilog.Enrichers.Correlation.csproj", "{C042816D-23A5-4118-857C-C0179249B725}"
EndProject
Project("{9A19103F-16F7-4668-BE54-9A1E7A4F7556}") = "demo-oidc-web-client", "demo-oidc-web-client\demo-oidc-web-client.csproj", "{BA4F50A6-8DB3-4CB6-B647-7E5F74C1BDF7}"
EndProject
Project("{FAE04EC0-301F-11D3-BF4B-00C04F79EFBC}") = "external-user-store", "external-user-store\external-user-store.csproj", "{0D5DE240-75DB-4C03-B034-01884CE2CBC2}"
EndProject
Global
	GlobalSection(SolutionConfigurationPlatforms) = preSolution
		Debug|Any CPU = Debug|Any CPU
		Release|Any CPU = Release|Any CPU
	EndGlobalSection
	GlobalSection(ProjectConfigurationPlatforms) = postSolution
		{800E821D-E73D-4EA1-896F-7768BB7F95EB}.Debug|Any CPU.ActiveCfg = Debug|Any CPU
		{800E821D-E73D-4EA1-896F-7768BB7F95EB}.Debug|Any CPU.Build.0 = Debug|Any CPU
		{800E821D-E73D-4EA1-896F-7768BB7F95EB}.Release|Any CPU.ActiveCfg = Release|Any CPU
		{800E821D-E73D-4EA1-896F-7768BB7F95EB}.Release|Any CPU.Build.0 = Release|Any CPU
		{C042816D-23A5-4118-857C-C0179249B725}.Debug|Any CPU.ActiveCfg = Debug|Any CPU
		{C042816D-23A5-4118-857C-C0179249B725}.Debug|Any CPU.Build.0 = Debug|Any CPU
		{C042816D-23A5-4118-857C-C0179249B725}.Release|Any CPU.ActiveCfg = Release|Any CPU
		{C042816D-23A5-4118-857C-C0179249B725}.Release|Any CPU.Build.0 = Release|Any CPU
		{BA4F50A6-8DB3-4CB6-B647-7E5F74C1BDF7}.Debug|Any CPU.ActiveCfg = Debug|Any CPU
		{BA4F50A6-8DB3-4CB6-B647-7E5F74C1BDF7}.Debug|Any CPU.Build.0 = Debug|Any CPU
		{BA4F50A6-8DB3-4CB6-B647-7E5F74C1BDF7}.Release|Any CPU.ActiveCfg = Release|Any CPU
		{BA4F50A6-8DB3-4CB6-B647-7E5F74C1BDF7}.Release|Any CPU.Build.0 = Release|Any CPU
		{0D5DE240-75DB-4C03-B034-01884CE2CBC2}.Debug|Any CPU.ActiveCfg = Debug|Any CPU
		{0D5DE240-75DB-4C03-B034-01884CE2CBC2}.Debug|Any CPU.Build.0 = Debug|Any CPU
		{0D5DE240-75DB-4C03-B034-01884CE2CBC2}.Release|Any CPU.ActiveCfg = Release|Any CPU
		{0D5DE240-75DB-4C03-B034-01884CE2CBC2}.Release|Any CPU.Build.0 = Release|Any CPU
	EndGlobalSection
	GlobalSection(SolutionProperties) = preSolution
		HideSolutionNode = FALSE
	EndGlobalSection
	GlobalSection(ExtensibilityGlobals) = postSolution
		SolutionGuid = {7DEE6D76-BF04-4157-96E2-CD7EEB6F778F}
	EndGlobalSection
EndGlobal
